
Microsoft Visual Studio Solution File, Format Version 12.00
# Visual Studio Version 17
VisualStudioVersion = 17.2.32505.173
MinimumVisualStudioVersion = 10.0.40219.1
Project("{FAE04EC0-301F-11D3-BF4B-00C04F79EFBC}") = "WPF_FILIPPOV_PR_3.1", "WPF_FILIPPOV_PR_3.1\WPF_FILIPPOV_PR_3.1.csproj", "{A6FA3698-C3F8-4483-8217-A9B1666A9D30}"
EndProject
Global
	GlobalSection(SolutionConfigurationPlatforms) = preSolution
		Debug|Any CPU = Debug|Any CPU
		Release|Any CPU = Release|Any CPU
	EndGlobalSection
	GlobalSection(ProjectConfigurationPlatforms) = postSolution
		{A6FA3698-C3F8-4483-8217-A9B1666A9D30}.Debug|Any CPU.ActiveCfg = Debug|Any CPU
		{A6FA3698-C3F8-4483-8217-A9B1666A9D30}.Debug|Any CPU.Build.0 = Debug|Any CPU
		{A6FA3698-C3F8-4483-8217-A9B1666A9D30}.Release|Any CPU.ActiveCfg = Release|Any CPU
		{A6FA3698-C3F8-4483-8217-A9B1666A9D30}.Release|Any CPU.Build.0 = Release|Any CPU
	EndGlobalSection
	GlobalSection(SolutionProperties) = preSolution
		HideSolutionNode = FALSE
	EndGlobalSection
	GlobalSection(ExtensibilityGlobals) = postSolution
		SolutionGuid = {26FBB54C-0AC1-462D-B473-84DA59359650}
	EndGlobalSection
EndGlobal
